# THIS IS AN AUTOGENERATED FILE. DO NOT EDIT THIS FILE DIRECTLY.
# yarn lockfile v1


ini@^3.0.0:
  version "3.0.1"
  resolved "https://registry.yarnpkg.com/ini/-/ini-3.0.1.tgz#c76ec81007875bc44d544ff7a11a55d12294102d"
  integrity sha512-it4HyVAUTKBc6m8e1iXWvXSTdndF7HbdN713+kvLrymxTaU4AUBWrJ4vEooP+V7fexnVD3LKcBshjGGPefSMUQ==
