# THIS IS AN AUTOGENERATED FILE. DO NOT EDIT THIS FILE DIRECTLY.
# yarn lockfile v1


ini@^3.0.0:
  version "3.0.0"
  resolved "https://registry.yarnpkg.com/ini/-/ini-3.0.0.tgz#2f6de95006923aa75feed8894f5686165adc08f1"
  integrity sha512-TxYQaeNW/N8ymDvwAxPyRbhMBtnEwuvaTYpOQkFx1nSeusgezHniEc/l35Vo4iCq/mMiTJbpD7oYxN98hFlfmw==
